
Microsoft Visual Studio Solution File, Format Version 12.00
# Visual Studio Version 17
VisualStudioVersion = 17.13.35828.75 d17.13
MinimumVisualStudioVersion = 10.0.40219.1
Project("{888888A0-9F3D-457C-B088-3A5042F75D52}") = "PARCO Integrating Project gmm", "PARCO Integrating Project gmm\PARCO Integrating Project gmm.pyproj", "{78D48E41-3D79-443A-BB63-B12F8FC7347A}"
EndProject
Global
	GlobalSection(SolutionConfigurationPlatforms) = preSolution
		Debug|Any CPU = Debug|Any CPU
		Release|Any CPU = Release|Any CPU
	EndGlobalSection
	GlobalSection(ProjectConfigurationPlatforms) = postSolution
		{78D48E41-3D79-443A-BB63-B12F8FC7347A}.Debug|Any CPU.ActiveCfg = Debug|Any CPU
		{78D48E41-3D79-443A-BB63-B12F8FC7347A}.Release|Any CPU.ActiveCfg = Release|Any CPU
	EndGlobalSection
	GlobalSection(SolutionProperties) = preSolution
		HideSolutionNode = FALSE
	EndGlobalSection
	GlobalSection(ExtensibilityGlobals) = postSolution
		SolutionGuid = {42461211-3ACC-4F09-A282-D7693C2D2698}
	EndGlobalSection
EndGlobal
